
Microsoft Visual Studio Solution File, Format Version 12.00
# Visual Studio Version 16
VisualStudioVersion = 16.0.30309.148
MinimumVisualStudioVersion = 10.0.40219.1
Project("{9A19103F-16F7-4668-BE54-9A1E7A4F7556}") = "Paylocity", "Paylocity\Paylocity.csproj", "{6291EB7C-E739-45DC-9B0D-2B3CFF774E26}"
EndProject
Project("{FAE04EC0-301F-11D3-BF4B-00C04F79EFBC}") = "PaylocityCore", "PaylocityCore\PaylocityCore.csproj", "{4A9CD351-94F7-4DE5-8EA3-58E803ED7F76}"
EndProject
Global
	GlobalSection(SolutionConfigurationPlatforms) = preSolution
		Debug|Any CPU = Debug|Any CPU
		Release|Any CPU = Release|Any CPU
	EndGlobalSection
	GlobalSection(ProjectConfigurationPlatforms) = postSolution
		{6291EB7C-E739-45DC-9B0D-2B3CFF774E26}.Debug|Any CPU.ActiveCfg = Debug|Any CPU
		{6291EB7C-E739-45DC-9B0D-2B3CFF774E26}.Debug|Any CPU.Build.0 = Debug|Any CPU
		{6291EB7C-E739-45DC-9B0D-2B3CFF774E26}.Release|Any CPU.ActiveCfg = Release|Any CPU
		{6291EB7C-E739-45DC-9B0D-2B3CFF774E26}.Release|Any CPU.Build.0 = Release|Any CPU
		{4A9CD351-94F7-4DE5-8EA3-58E803ED7F76}.Debug|Any CPU.ActiveCfg = Debug|Any CPU
		{4A9CD351-94F7-4DE5-8EA3-58E803ED7F76}.Debug|Any CPU.Build.0 = Debug|Any CPU
		{4A9CD351-94F7-4DE5-8EA3-58E803ED7F76}.Release|Any CPU.ActiveCfg = Release|Any CPU
		{4A9CD351-94F7-4DE5-8EA3-58E803ED7F76}.Release|Any CPU.Build.0 = Release|Any CPU
	EndGlobalSection
	GlobalSection(SolutionProperties) = preSolution
		HideSolutionNode = FALSE
	EndGlobalSection
	GlobalSection(ExtensibilityGlobals) = postSolution
		SolutionGuid = {5FC78208-96B6-4A00-86E1-331E5E183D28}
	EndGlobalSection
EndGlobal
